
Microsoft Visual Studio Solution File, Format Version 12.00
# Visual Studio 15
VisualStudioVersion = 15.0.27703.2035
MinimumVisualStudioVersion = 10.0.40219.1
Project("{2150E333-8FDC-42A3-9474-1A3956D46DE8}") = "src", "src", "{2C838234-F445-4A26-926B-880C7590737B}"
EndProject
Project("{2150E333-8FDC-42A3-9474-1A3956D46DE8}") = "Server", "Server", "{4A458E75-E3F9-4E35-92B5-15BF49259BED}"
EndProject
Project("{9A19103F-16F7-4668-BE54-9A1E7A4F7556}") = "IdentityServer", "src\Server\IdentityServer\IdentityServer.csproj", "{DB9AF4B6-163C-4DAE-9CED-585926BB4CA0}"
EndProject
Project("{2150E333-8FDC-42A3-9474-1A3956D46DE8}") = "Client", "Client", "{DACE81CC-C4E3-4013-A481-F517553C7EC8}"
EndProject
Project("{2150E333-8FDC-42A3-9474-1A3956D46DE8}") = "release", "release", "{DCCB61AD-068C-452E-955C-2E7453BBFB57}"
EndProject
Project("{9A19103F-16F7-4668-BE54-9A1E7A4F7556}") = "JavaScriptClient", "src\Client\JavaScriptClient\JavaScriptClient.csproj", "{4415FCCC-D354-42B0-BC45-854A0459A632}"
EndProject
Project("{9092AA53-FB77-4645-B42D-1CCCA6BD08BD}") = "NodejsWebApp1", "NodejsWebApp1\NodejsWebApp1.njsproj", "{3C48A753-BDE3-4938-A0A9-A3EE0E42F581}"
EndProject
Global
	GlobalSection(SolutionConfigurationPlatforms) = preSolution
		Debug|Any CPU = Debug|Any CPU
		Release|Any CPU = Release|Any CPU
	EndGlobalSection
	GlobalSection(ProjectConfigurationPlatforms) = postSolution
		{DB9AF4B6-163C-4DAE-9CED-585926BB4CA0}.Debug|Any CPU.ActiveCfg = Debug|Any CPU
		{DB9AF4B6-163C-4DAE-9CED-585926BB4CA0}.Debug|Any CPU.Build.0 = Debug|Any CPU
		{DB9AF4B6-163C-4DAE-9CED-585926BB4CA0}.Release|Any CPU.ActiveCfg = Release|Any CPU
		{DB9AF4B6-163C-4DAE-9CED-585926BB4CA0}.Release|Any CPU.Build.0 = Release|Any CPU
		{4415FCCC-D354-42B0-BC45-854A0459A632}.Debug|Any CPU.ActiveCfg = Debug|Any CPU
		{4415FCCC-D354-42B0-BC45-854A0459A632}.Debug|Any CPU.Build.0 = Debug|Any CPU
		{4415FCCC-D354-42B0-BC45-854A0459A632}.Release|Any CPU.ActiveCfg = Release|Any CPU
		{4415FCCC-D354-42B0-BC45-854A0459A632}.Release|Any CPU.Build.0 = Release|Any CPU
		{3C48A753-BDE3-4938-A0A9-A3EE0E42F581}.Debug|Any CPU.ActiveCfg = Debug|Any CPU
		{3C48A753-BDE3-4938-A0A9-A3EE0E42F581}.Debug|Any CPU.Build.0 = Debug|Any CPU
		{3C48A753-BDE3-4938-A0A9-A3EE0E42F581}.Release|Any CPU.ActiveCfg = Release|Any CPU
		{3C48A753-BDE3-4938-A0A9-A3EE0E42F581}.Release|Any CPU.Build.0 = Release|Any CPU
	EndGlobalSection
	GlobalSection(SolutionProperties) = preSolution
		HideSolutionNode = FALSE
	EndGlobalSection
	GlobalSection(NestedProjects) = preSolution
		{4A458E75-E3F9-4E35-92B5-15BF49259BED} = {2C838234-F445-4A26-926B-880C7590737B}
		{DB9AF4B6-163C-4DAE-9CED-585926BB4CA0} = {4A458E75-E3F9-4E35-92B5-15BF49259BED}
		{DACE81CC-C4E3-4013-A481-F517553C7EC8} = {2C838234-F445-4A26-926B-880C7590737B}
		{4415FCCC-D354-42B0-BC45-854A0459A632} = {DACE81CC-C4E3-4013-A481-F517553C7EC8}
		{3C48A753-BDE3-4938-A0A9-A3EE0E42F581} = {DACE81CC-C4E3-4013-A481-F517553C7EC8}
	EndGlobalSection
	GlobalSection(ExtensibilityGlobals) = postSolution
		SolutionGuid = {7C743762-D233-4A07-B4BC-88890920CD06}
	EndGlobalSection
EndGlobal
