{
  "name": "nodejs-web-app1",
  "version": "0.0.0",
  "lockfileVersion": 1,
  "requires": true,
  "dependencies": {
    "@types/node": {
      "version": "8.10.26",
      "resolved": "https://registry.npmjs.org/@types/node/-/node-8.10.26.tgz",
      "integrity": "sha512-opk6bLLErLSwyVVJeSH5Ek7ZWOBSsN0JrvXTNVGLXLAXKB9xlTYajrplR44xVyMrmbut94H6uJ9jqzM/12jxkA==",
      "dev": true
    }
  }
}
